
Microsoft Visual Studio Solution File, Format Version 12.00
# Visual Studio Version 17
VisualStudioVersion = 17.9.34701.34
MinimumVisualStudioVersion = 10.0.40219.1
Project("{8BC9CEB8-8B4A-11D0-8D11-00A0C91BC942}") = "AllSafe Password Manager", "AllSafe Password Manager.vcxproj", "{47071555-84B3-40B3-A573-A0C7F4E6065B}"
EndProject
Global
	GlobalSection(SolutionConfigurationPlatforms) = preSolution
		Debug|x64 = Debug|x64
		Debug|x86 = Debug|x86
		Release|x64 = Release|x64
		Release|x86 = Release|x86
	EndGlobalSection
	GlobalSection(ProjectConfigurationPlatforms) = postSolution
		{47071555-84B3-40B3-A573-A0C7F4E6065B}.Debug|x64.ActiveCfg = Debug|x64
		{47071555-84B3-40B3-A573-A0C7F4E6065B}.Debug|x64.Build.0 = Debug|x64
		{47071555-84B3-40B3-A573-A0C7F4E6065B}.Debug|x86.ActiveCfg = Debug|Win32
		{47071555-84B3-40B3-A573-A0C7F4E6065B}.Debug|x86.Build.0 = Debug|Win32
		{47071555-84B3-40B3-A573-A0C7F4E6065B}.Release|x64.ActiveCfg = Release|x64
		{47071555-84B3-40B3-A573-A0C7F4E6065B}.Release|x64.Build.0 = Release|x64
		{47071555-84B3-40B3-A573-A0C7F4E6065B}.Release|x86.ActiveCfg = Release|Win32
		{47071555-84B3-40B3-A573-A0C7F4E6065B}.Release|x86.Build.0 = Release|Win32
	EndGlobalSection
	GlobalSection(SolutionProperties) = preSolution
		HideSolutionNode = FALSE
	EndGlobalSection
	GlobalSection(ExtensibilityGlobals) = postSolution
		SolutionGuid = {C1D8628F-3A28-431B-B96A-4A838196288D}
	EndGlobalSection
EndGlobal
